// !$*UTF8*$!
{
	archiveVersion = 1;
	classes = {
	};
	objectVersion = 50;
	objects = {

/* Begin PBXBuildFile section */
		B677F4F125E71DEC00B81734 /* AppDelegate.swift in Sources */ = {isa = PBXBuildFile; fileRef = B677F4F025E71DEC00B81734 /* AppDelegate.swift */; };
		B677F4F325E71DEC00B81734 /* GameScene.sks in Resources */ = {isa = PBXBuildFile; fileRef = B677F4F225E71DEC00B81734 /* GameScene.sks */; };
		B677F4F525E71DEC00B81734 /* Actions.sks in Resources */ = {isa = PBXBuildFile; fileRef = B677F4F425E71DEC00B81734 /* Actions.sks */; };
		B677F4F725E71DEC00B81734 /* GameScene.swift in Sources */ = {isa = PBXBuildFile; fileRef = B677F4F625E71DEC00B81734 /* GameScene.swift */; };
		B677F4F925E71DEC00B81734 /* GameViewController.swift in Sources */ = {isa = PBXBuildFile; fileRef = B677F4F825E71DEC00B81734 /* GameViewController.swift */; };
		B677F4FC25E71DEC00B81734 /* Main.storyboard in Resources */ = {isa = PBXBuildFile; fileRef = B677F4FA25E71DEC00B81734 /* Main.storyboard */; };
		B677F4FE25E71DED00B81734 /* Assets.xcassets in Resources */ = {isa = PBXBuildFile; fileRef = B677F4FD25E71DED00B81734 /* Assets.xcassets */; };
/* End PBXBuildFile section */

/* Begin PBXFileReference section */
		B677F4ED25E71DEC00B81734 /* MAPD724-W2021-Lesson6.app */ = {isa = PBXFileReference; explicitFileType = wrapper.application; includeInIndex = 0; path = "MAPD724-W2021-Lesson6.app"; sourceTree = BUILT_PRODUCTS_DIR; };
		B677F4F025E71DEC00B81734 /* AppDelegate.swift */ = {isa = PBXFileReference; lastKnownFileType = sourcecode.swift; path = AppDelegate.swift; sourceTree = "<group>"; };
		B677F4F225E71DEC00B81734 /* GameScene.sks */ = {isa = PBXFileReference; lastKnownFileType = file.sks; path = GameScene.sks; sourceTree = "<group>"; };
		B677F4F425E71DEC00B81734 /* Actions.sks */ = {isa = PBXFileReference; lastKnownFileType = file.sks; path = Actions.sks; sourceTree = "<group>"; };
		B677F4F625E71DEC00B81734 /* GameScene.swift */ = {isa = PBXFileReference; lastKnownFileType = sourcecode.swift; path = GameScene.swift; sourceTree = "<group>"; };
		B677F4F825E71DEC00B81734 /* GameViewController.swift */ = {isa = PBXFileReference; lastKnownFileType = sourcecode.swift; path = GameViewController.swift; sourceTree = "<group>"; };
		B677F4FB25E71DEC00B81734 /* Base */ = {isa = PBXFileReference; lastKnownFileType = file.storyboard; name = Base; path = Base.lproj/Main.storyboard; sourceTree = "<group>"; };
		B677F4FD25E71DED00B81734 /* Assets.xcassets */ = {isa = PBXFileReference; lastKnownFileType = folder.assetcatalog; path = Assets.xcassets; sourceTree = "<group>"; };
		B677F4FF25E71DED00B81734 /* Info.plist */ = {isa = PBXFileReference; lastKnownFileType = text.plist.xml; path = Info.plist; sourceTree = "<group>"; };
/* End PBXFileReference section */

/* Begin PBXFrameworksBuildPhase section */
		B677F4EA25E71DEC00B81734 /* Frameworks */ = {
			isa = PBXFrameworksBuildPhase;
			buildActionMask = 2147483647;
			files = (
			);
			runOnlyForDeploymentPostprocessing = 0;
		};
/* End PBXFrameworksBuildPhase section */

/* Begin PBXGroup section */
		B677F4E425E71DEC00B81734 = {
			isa = PBXGroup;
			children = (
				B677F4EF25E71DEC00B81734 /* MAPD724-W2021-Lesson6 */,
				B677F4EE25E71DEC00B81734 /* Products */,
			);
			sourceTree = "<group>";
		};
		B677F4EE25E71DEC00B81734 /* Products */ = {
			isa = PBXGroup;
			children = (
				B677F4ED25E71DEC00B81734 /* MAPD724-W2021-Lesson6.app */,
			);
			name = Products;
			sourceTree = "<group>";
		};
		B677F4EF25E71DEC00B81734 /* MAPD724-W2021-Lesson6 */ = {
			isa = PBXGroup;
			children = (
				B677F4F025E71DEC00B81734 /* AppDelegate.swift */,
				B677F4F225E71DEC00B81734 /* GameScene.sks */,
				B677F4F425E71DEC00B81734 /* Actions.sks */,
				B677F4F625E71DEC00B81734 /* GameScene.swift */,
				B677F4F825E71DEC00B81734 /* GameViewController.swift */,
				B677F4FA25E71DEC00B81734 /* Main.storyboard */,
				B677F4FD25E71DED00B81734 /* Assets.xcassets */,
				B677F4FF25E71DED00B81734 /* Info.plist */,
			);
			path = "MAPD724-W2021-Lesson6";
			sourceTree = "<group>";
		};
/* End PBXGroup section */

/* Begin PBXNativeTarget section */
		B677F4EC25E71DEC00B81734 /* MAPD724-W2021-Lesson6 */ = {
			isa = PBXNativeTarget;
			buildConfigurationList = B677F50225E71DED00B81734 /* Build configuration list for PBXNativeTarget "MAPD724-W2021-Lesson6" */;
			buildPhases = (
				B677F4E925E71DEC00B81734 /* Sources */,
				B677F4EA25E71DEC00B81734 /* Frameworks */,
				B677F4EB25E71DEC00B81734 /* Resources */,
			);
			buildRules = (
			);
			dependencies = (
			);
			name = "MAPD724-W2021-Lesson6";
			productName = "MAPD724-W2021-Lesson6";
			productReference = B677F4ED25E71DEC00B81734 /* MAPD724-W2021-Lesson6.app */;
			productType = "com.apple.product-type.application";
		};
/* End PBXNativeTarget section */

/* Begin PBXProject section */
		B677F4E525E71DEC00B81734 /* Project object */ = {
			isa = PBXProject;
			attributes = {
				LastSwiftUpdateCheck = 1230;
				LastUpgradeCheck = 1230;
				TargetAttributes = {
					B677F4EC25E71DEC00B81734 = {
						CreatedOnToolsVersion = 12.3;
					};
				};
			};
			buildConfigurationList = B677F4E825E71DEC00B81734 /* Build configuration list for PBXProject "MAPD724-W2021-Lesson6" */;
			compatibilityVersion = "Xcode 9.3";
			developmentRegion = en;
			hasScannedForEncodings = 0;
			knownRegions = (
				en,
				Base,
			);
			mainGroup = B677F4E425E71DEC00B81734;
			productRefGroup = B677F4EE25E71DEC00B81734 /* Products */;
			projectDirPath = "";
			projectRoot = "";
			targets = (
				B677F4EC25E71DEC00B81734 /* MAPD724-W2021-Lesson6 */,
			);
		};
/* End PBXProject section */

/* Begin PBXResourcesBuildPhase section */
		B677F4EB25E71DEC00B81734 /* Resources */ = {
			isa = PBXResourcesBuildPhase;
			buildActionMask = 2147483647;
			files = (
				B677F4FC25E71DEC00B81734 /* Main.storyboard in Resources */,
				B677F4F325E71DEC00B81734 /* GameScene.sks in Resources */,
				B677F4FE25E71DED00B81734 /* Assets.xcassets in Resources */,
				B677F4F525E71DEC00B81734 /* Actions.sks in Resources */,
			);
			runOnlyForDeploymentPostprocessing = 0;
		};
/* End PBXResourcesBuildPhase section */

/* Begin PBXSourcesBuildPhase section */
		B677F4E925E71DEC00B81734 /* Sources */ = {
			isa = PBXSourcesBuildPhase;
			buildActionMask = 2147483647;
			files = (
				B677F4F725E71DEC00B81734 /* GameScene.swift in Sources */,
				B677F4F925E71DEC00B81734 /* GameViewController.swift in Sources */,
				B677F4F125E71DEC00B81734 /* AppDelegate.swift in Sources */,
			);
			runOnlyForDeploymentPostprocessing = 0;
		};
/* End PBXSourcesBuildPhase section */

/* Begin PBXVariantGroup section */
		B677F4FA25E71DEC00B81734 /* Main.storyboard */ = {
			isa = PBXVariantGroup;
			children = (
				B677F4FB25E71DEC00B81734 /* Base */,
			);
			name = Main.storyboard;
			sourceTree = "<group>";
		};
/* End PBXVariantGroup section */

/* Begin XCBuildConfiguration section */
		B677F50025E71DED00B81734 /* Debug */ = {
			isa = XCBuildConfiguration;
			buildSettings = {
				ALWAYS_SEARCH_USER_PATHS = NO;
				CLANG_ANALYZER_NONNULL = YES;
				CLANG_ANALYZER_NUMBER_OBJECT_CONVERSION = YES_AGGRESSIVE;
				CLANG_CXX_LANGUAGE_STANDARD = "gnu++14";
				CLANG_CXX_LIBRARY = "libc++";
				CLANG_ENABLE_MODULES = YES;
				CLANG_ENABLE_OBJC_ARC = YES;
				CLANG_ENABLE_OBJC_WEAK = YES;
				CLANG_WARN_BLOCK_CAPTURE_AUTORELEASING = YES;
				CLANG_WARN_BOOL_CONVERSION = YES;
				CLANG_WARN_COMMA = YES;
				CLANG_WARN_CONSTANT_CONVERSION = YES;
				CLANG_WARN_DEPRECATED_OBJC_IMPLEMENTATIONS = YES;
				CLANG_WARN_DIRECT_OBJC_ISA_USAGE = YES_ERROR;
				CLANG_WARN_DOCUMENTATION_COMMENTS = YES;
				CLANG_WARN_EMPTY_BODY = YES;
				CLANG_WARN_ENUM_CONVERSION = YES;
				CLANG_WARN_INFINITE_RECURSION = YES;
				CLANG_WARN_INT_CONVERSION = YES;
				CLANG_WARN_NON_LITERAL_NULL_CONVERSION = YES;
				CLANG_WARN_OBJC_IMPLICIT_RETAIN_SELF = YES;
				CLANG_WARN_OBJC_LITERAL_CONVERSION = YES;
				CLANG_WARN_OBJC_ROOT_CLASS = YES_ERROR;
				CLANG_WARN_QUOTED_INCLUDE_IN_FRAMEWORK_HEADER = YES;
				CLANG_WARN_RANGE_LOOP_ANALYSIS = YES;
				CLANG_WARN_STRICT_PROTOTYPES = YES;
				CLANG_WARN_SUSPICIOUS_MOVE = YES;
				CLANG_WARN_UNGUARDED_AVAILABILITY = YES_AGGRESSIVE;
				CLANG_WARN_UNREACHABLE_CODE = YES;
				CLANG_WARN__DUPLICATE_METHOD_MATCH = YES;
				COPY_PHASE_STRIP = NO;
				DEBUG_INFORMATION_FORMAT = dwarf;
				ENABLE_STRICT_OBJC_MSGSEND = YES;
				ENABLE_TESTABILITY = YES;
				GCC_C_LANGUAGE_STANDARD = gnu11;
				GCC_DYNAMIC_NO_PIC = NO;
				GCC_NO_COMMON_BLOCKS = YES;
				GCC_OPTIMIZATION_LEVEL = 0;
				GCC_PREPROCESSOR_DEFINITIONS = (
					"DEBUG=1",
					"$(inherited)",
				);
				GCC_WARN_64_TO_32_BIT_CONVERSION = YES;
				GCC_WARN_ABOUT_RETURN_TYPE = YES_ERROR;
				GCC_WARN_UNDECLARED_SELECTOR = YES;
				GCC_WARN_UNINITIALIZED_AUTOS = YES_AGGRESSIVE;
				GCC_WARN_UNUSED_FUNCTION = YES;
				GCC_WARN_UNUSED_VARIABLE = YES;
				IPHONEOS_DEPLOYMENT_TARGET = 14.3;
				MTL_ENABLE_DEBUG_INFO = INCLUDE_SOURCE;
				MTL_FAST_MATH = YES;
				ONLY_ACTIVE_ARCH = YES;
				SDKROOT = iphoneos;
				SWIFT_ACTIVE_COMPILATION_CONDITIONS = DEBUG;
				SWIFT_OPTIMIZATION_LEVEL = "-Onone";
			};
			name = Debug;
		};
		B677F50125E71DED00B81734 /* Release */ = {
			isa = XCBuildConfiguration;
			buildSettings = {
				ALWAYS_SEARCH_USER_PATHS = NO;
				CLANG_ANALYZER_NONNULL = YES;
				CLANG_ANALYZER_NUMBER_OBJECT_CONVERSION = YES_AGGRESSIVE;
				CLANG_CXX_LANGUAGE_STANDARD = "gnu++14";
				CLANG_CXX_LIBRARY = "libc++";
				CLANG_ENABLE_MODULES = YES;
				CLANG_ENABLE_OBJC_ARC = YES;
				CLANG_ENABLE_OBJC_WEAK = YES;
				CLANG_WARN_BLOCK_CAPTURE_AUTORELEASING = YES;
				CLANG_WARN_BOOL_CONVERSION = YES;
				CLANG_WARN_COMMA = YES;
				CLANG_WARN_CONSTANT_CONVERSION = YES;
				CLANG_WARN_DEPRECATED_OBJC_IMPLEMENTATIONS = YES;
				CLANG_WARN_DIRECT_OBJC_ISA_USAGE = YES_ERROR;
				CLANG_WARN_DOCUMENTATION_COMMENTS = YES;
				CLANG_WARN_EMPTY_BODY = YES;
				CLANG_WARN_ENUM_CONVERSION = YES;
				CLANG_WARN_INFINITE_RECURSION = YES;
				CLANG_WARN_INT_CONVERSION = YES;
				CLANG_WARN_NON_LITERAL_NULL_CONVERSION = YES;
				CLANG_WARN_OBJC_IMPLICIT_RETAIN_SELF = YES;
				CLANG_WARN_OBJC_LITERAL_CONVERSION = YES;
				CLANG_WARN_OBJC_ROOT_CLASS = YES_ERROR;
				CLANG_WARN_QUOTED_INCLUDE_IN_FRAMEWORK_HEADER = YES;
				CLANG_WARN_RANGE_LOOP_ANALYSIS = YES;
				CLANG_WARN_STRICT_PROTOTYPES = YES;
				CLANG_WARN_SUSPICIOUS_MOVE = YES;
				CLANG_WARN_UNGUARDED_AVAILABILITY = YES_AGGRESSIVE;
				CLANG_WARN_UNREACHABLE_CODE = YES;
				CLANG_WARN__DUPLICATE_METHOD_MATCH = YES;
				COPY_PHASE_STRIP = NO;
				DEBUG_INFORMATION_FORMAT = "dwarf-with-dsym";
				ENABLE_NS_ASSERTIONS = NO;
				ENABLE_STRICT_OBJC_MSGSEND = YES;
				GCC_C_LANGUAGE_STANDARD = gnu11;
				GCC_NO_COMMON_BLOCKS = YES;
				GCC_WARN_64_TO_32_BIT_CONVERSION = YES;
				GCC_WARN_ABOUT_RETURN_TYPE = YES_ERROR;
				GCC_WARN_UNDECLARED_SELECTOR = YES;
				GCC_WARN_UNINITIALIZED_AUTOS = YES_AGGRESSIVE;
				GCC_WARN_UNUSED_FUNCTION = YES;
				GCC_WARN_UNUSED_VARIABLE = YES;
				IPHONEOS_DEPLOYMENT_TARGET = 14.3;
				MTL_ENABLE_DEBUG_INFO = NO;
				MTL_FAST_MATH = YES;
				SDKROOT = iphoneos;
				SWIFT_COMPILATION_MODE = wholemodule;
				SWIFT_OPTIMIZATION_LEVEL = "-O";
				VALIDATE_PRODUCT = YES;
			};
			name = Release;
		};
		B677F50325E71DED00B81734 /* Debug */ = {
			isa = XCBuildConfiguration;
			buildSettings = {
				ASSETCATALOG_COMPILER_APPICON_NAME = AppIcon;
				ASSETCATALOG_COMPILER_GLOBAL_ACCENT_COLOR_NAME = AccentColor;
				CODE_SIGN_STYLE = Automatic;
				DEVELOPMENT_TEAM = 77MX867GR8;
				INFOPLIST_FILE = "MAPD724-W2021-Lesson6/Info.plist";
				LD_RUNPATH_SEARCH_PATHS = (
					"$(inherited)",
					"@executable_path/Frameworks",
				);
				PRODUCT_BUNDLE_IDENTIFIER = "io.github.abdelrahmantealab.MAPD724-W2021-Lesson6";
				PRODUCT_NAME = "$(TARGET_NAME)";
				SWIFT_VERSION = 5.0;
				TARGETED_DEVICE_FAMILY = "1,2";
			};
			name = Debug;
		};
		B677F50425E71DED00B81734 /* Release */ = {
			isa = XCBuildConfiguration;
			buildSettings = {
				ASSETCATALOG_COMPILER_APPICON_NAME = AppIcon;
				ASSETCATALOG_COMPILER_GLOBAL_ACCENT_COLOR_NAME = AccentColor;
				CODE_SIGN_STYLE = Automatic;
				DEVELOPMENT_TEAM = 77MX867GR8;
				INFOPLIST_FILE = "MAPD724-W2021-Lesson6/Info.plist";
				LD_RUNPATH_SEARCH_PATHS = (
					"$(inherited)",
					"@executable_path/Frameworks",
				);
				PRODUCT_BUNDLE_IDENTIFIER = "io.github.abdelrahmantealab.MAPD724-W2021-Lesson6";
				PRODUCT_NAME = "$(TARGET_NAME)";
				SWIFT_VERSION = 5.0;
				TARGETED_DEVICE_FAMILY = "1,2";
			};
			name = Release;
		};
/* End XCBuildConfiguration section */

/* Begin XCConfigurationList section */
		B677F4E825E71DEC00B81734 /* Build configuration list for PBXProject "MAPD724-W2021-Lesson6" */ = {
			isa = XCConfigurationList;
			buildConfigurations = (
				B677F50025E71DED00B81734 /* Debug */,
				B677F50125E71DED00B81734 /* Release */,
			);
			defaultConfigurationIsVisible = 0;
			defaultConfigurationName = Release;
		};
		B677F50225E71DED00B81734 /* Build configuration list for PBXNativeTarget "MAPD724-W2021-Lesson6" */ = {
			isa = XCConfigurationList;
			buildConfigurations = (
				B677F50325E71DED00B81734 /* Debug */,
				B677F50425E71DED00B81734 /* Release */,
			);
			defaultConfigurationIsVisible = 0;
			defaultConfigurationName = Release;
		};
/* End XCConfigurationList section */
	};
	rootObject = B677F4E525E71DEC00B81734 /* Project object */;
}
